
Microsoft Visual Studio Solution File, Format Version 12.00
# Visual Studio Version 17
VisualStudioVersion = 17.9.34723.18
MinimumVisualStudioVersion = 10.0.40219.1
Project("{9A19103F-16F7-4668-BE54-9A1E7A4F7556}") = "ConsoleStream", "ConsoleStream\ConsoleStream.csproj", "{7D2F39FB-EF8C-49E0-950F-3CF8E7A4696E}"
EndProject
Project("{FAE04EC0-301F-11D3-BF4B-00C04F79EFBC}") = "WebApplication1", "WebApplication1\WebApplication1.csproj", "{9FD6A41B-01AB-4BBC-81BB-8924882696A7}"
EndProject
Global
	GlobalSection(SolutionConfigurationPlatforms) = preSolution
		Debug|Any CPU = Debug|Any CPU
		Release|Any CPU = Release|Any CPU
	EndGlobalSection
	GlobalSection(ProjectConfigurationPlatforms) = postSolution
		{7D2F39FB-EF8C-49E0-950F-3CF8E7A4696E}.Debug|Any CPU.ActiveCfg = Debug|Any CPU
		{7D2F39FB-EF8C-49E0-950F-3CF8E7A4696E}.Debug|Any CPU.Build.0 = Debug|Any CPU
		{7D2F39FB-EF8C-49E0-950F-3CF8E7A4696E}.Release|Any CPU.ActiveCfg = Release|Any CPU
		{7D2F39FB-EF8C-49E0-950F-3CF8E7A4696E}.Release|Any CPU.Build.0 = Release|Any CPU
		{9FD6A41B-01AB-4BBC-81BB-8924882696A7}.Debug|Any CPU.ActiveCfg = Debug|Any CPU
		{9FD6A41B-01AB-4BBC-81BB-8924882696A7}.Debug|Any CPU.Build.0 = Debug|Any CPU
		{9FD6A41B-01AB-4BBC-81BB-8924882696A7}.Release|Any CPU.ActiveCfg = Release|Any CPU
		{9FD6A41B-01AB-4BBC-81BB-8924882696A7}.Release|Any CPU.Build.0 = Release|Any CPU
	EndGlobalSection
	GlobalSection(SolutionProperties) = preSolution
		HideSolutionNode = FALSE
	EndGlobalSection
	GlobalSection(ExtensibilityGlobals) = postSolution
		SolutionGuid = {D84ABBBC-7929-47EE-82A6-DBECB85065A1}
	EndGlobalSection
EndGlobal
